
Microsoft Visual Studio Solution File, Format Version 12.00
# Visual Studio Version 17
VisualStudioVersion = 17.4.33213.308
MinimumVisualStudioVersion = 10.0.40219.1
Project("{2150E333-8FDC-42A3-9474-1A3956D46DE8}") = "00 Database", "00 Database", "{95E98643-7C88-4B4B-AA75-2A0B73C33286}"
EndProject
Project("{2150E333-8FDC-42A3-9474-1A3956D46DE8}") = "01 Models", "01 Models", "{F322D5EB-33F6-417C-9C93-81945F8D19DF}"
EndProject
Project("{2150E333-8FDC-42A3-9474-1A3956D46DE8}") = "02 App", "02 App", "{9A93DE86-FAA3-44E1-AC07-E44814161D4C}"
EndProject
Project("{2150E333-8FDC-42A3-9474-1A3956D46DE8}") = "99 Tools", "99 Tools", "{F63E35A5-F2CA-4938-BEBA-E60AE42E6EF3}"
EndProject
Project("{00D1A9C2-B5F0-4AF3-8072-F6C62B433612}") = "DbSystemeFacturation", "..\DbSystemeFacturation\DbSystemeFacturation.sqlproj", "{CD0C5215-69F3-4579-9D62-1D50248B861A}"
EndProject
Project("{9A19103F-16F7-4668-BE54-9A1E7A4F7556}") = "ProjetLabo.Api", "ProjetLabo.Api\ProjetLabo.Api.csproj", "{3EB2FB2E-F091-4FFF-8E09-4CD2C2126D2B}"
EndProject
Project("{9A19103F-16F7-4668-BE54-9A1E7A4F7556}") = "ProjetLabo.Api.Models", "ProjetLabo.Api.Models\ProjetLabo.Api.Models.csproj", "{2FD3D0E1-7492-4327-96B4-97E244C1C55B}"
EndProject
Project("{FAE04EC0-301F-11D3-BF4B-00C04F79EFBC}") = "Tools.Ado", "Tools.Ado\Tools.Ado.csproj", "{4A10A0EE-8946-441A-BC06-585B4574D188}"
EndProject
Project("{FAE04EC0-301F-11D3-BF4B-00C04F79EFBC}") = "Tools.Cqs", "Tools.Cqs\Tools.Cqs.csproj", "{9C9BB184-C6D3-4D49-A6CF-2532E3E2E129}"
EndProject
Global
	GlobalSection(SolutionConfigurationPlatforms) = preSolution
		Debug|Any CPU = Debug|Any CPU
		Release|Any CPU = Release|Any CPU
	EndGlobalSection
	GlobalSection(ProjectConfigurationPlatforms) = postSolution
		{CD0C5215-69F3-4579-9D62-1D50248B861A}.Debug|Any CPU.ActiveCfg = Debug|Any CPU
		{CD0C5215-69F3-4579-9D62-1D50248B861A}.Debug|Any CPU.Build.0 = Debug|Any CPU
		{CD0C5215-69F3-4579-9D62-1D50248B861A}.Debug|Any CPU.Deploy.0 = Debug|Any CPU
		{CD0C5215-69F3-4579-9D62-1D50248B861A}.Release|Any CPU.ActiveCfg = Release|Any CPU
		{CD0C5215-69F3-4579-9D62-1D50248B861A}.Release|Any CPU.Build.0 = Release|Any CPU
		{CD0C5215-69F3-4579-9D62-1D50248B861A}.Release|Any CPU.Deploy.0 = Release|Any CPU
		{3EB2FB2E-F091-4FFF-8E09-4CD2C2126D2B}.Debug|Any CPU.ActiveCfg = Debug|Any CPU
		{3EB2FB2E-F091-4FFF-8E09-4CD2C2126D2B}.Debug|Any CPU.Build.0 = Debug|Any CPU
		{3EB2FB2E-F091-4FFF-8E09-4CD2C2126D2B}.Release|Any CPU.ActiveCfg = Release|Any CPU
		{3EB2FB2E-F091-4FFF-8E09-4CD2C2126D2B}.Release|Any CPU.Build.0 = Release|Any CPU
		{2FD3D0E1-7492-4327-96B4-97E244C1C55B}.Debug|Any CPU.ActiveCfg = Debug|Any CPU
		{2FD3D0E1-7492-4327-96B4-97E244C1C55B}.Debug|Any CPU.Build.0 = Debug|Any CPU
		{2FD3D0E1-7492-4327-96B4-97E244C1C55B}.Release|Any CPU.ActiveCfg = Release|Any CPU
		{2FD3D0E1-7492-4327-96B4-97E244C1C55B}.Release|Any CPU.Build.0 = Release|Any CPU
		{4A10A0EE-8946-441A-BC06-585B4574D188}.Debug|Any CPU.ActiveCfg = Debug|Any CPU
		{4A10A0EE-8946-441A-BC06-585B4574D188}.Debug|Any CPU.Build.0 = Debug|Any CPU
		{4A10A0EE-8946-441A-BC06-585B4574D188}.Release|Any CPU.ActiveCfg = Release|Any CPU
		{4A10A0EE-8946-441A-BC06-585B4574D188}.Release|Any CPU.Build.0 = Release|Any CPU
		{9C9BB184-C6D3-4D49-A6CF-2532E3E2E129}.Debug|Any CPU.ActiveCfg = Debug|Any CPU
		{9C9BB184-C6D3-4D49-A6CF-2532E3E2E129}.Debug|Any CPU.Build.0 = Debug|Any CPU
		{9C9BB184-C6D3-4D49-A6CF-2532E3E2E129}.Release|Any CPU.ActiveCfg = Release|Any CPU
		{9C9BB184-C6D3-4D49-A6CF-2532E3E2E129}.Release|Any CPU.Build.0 = Release|Any CPU
	EndGlobalSection
	GlobalSection(SolutionProperties) = preSolution
		HideSolutionNode = FALSE
	EndGlobalSection
	GlobalSection(NestedProjects) = preSolution
		{CD0C5215-69F3-4579-9D62-1D50248B861A} = {95E98643-7C88-4B4B-AA75-2A0B73C33286}
		{3EB2FB2E-F091-4FFF-8E09-4CD2C2126D2B} = {9A93DE86-FAA3-44E1-AC07-E44814161D4C}
		{2FD3D0E1-7492-4327-96B4-97E244C1C55B} = {F322D5EB-33F6-417C-9C93-81945F8D19DF}
		{4A10A0EE-8946-441A-BC06-585B4574D188} = {F63E35A5-F2CA-4938-BEBA-E60AE42E6EF3}
		{9C9BB184-C6D3-4D49-A6CF-2532E3E2E129} = {F63E35A5-F2CA-4938-BEBA-E60AE42E6EF3}
	EndGlobalSection
	GlobalSection(ExtensibilityGlobals) = postSolution
		SolutionGuid = {8A65EA29-E84F-4D7C-954E-D5312A01F8D6}
	EndGlobalSection
EndGlobal
